
Microsoft Visual Studio Solution File, Format Version 12.00
# Visual Studio Version 16
VisualStudioVersion = 16.0.30320.27
MinimumVisualStudioVersion = 10.0.40219.1
Project("{2150E333-8FDC-42A3-9474-1A3956D46DE8}") = "src", "src", "{7B005B89-1B76-444D-AA36-C5A6082F23F0}"
EndProject
Project("{2150E333-8FDC-42A3-9474-1A3956D46DE8}") = "Services", "Services", "{E346FDBC-9287-4C1C-998C-AC968865CB4F}"
EndProject
Project("{2150E333-8FDC-42A3-9474-1A3956D46DE8}") = "Shared", "Shared", "{38F2E61A-7BBE-457D-B3C9-47B0397E818F}"
EndProject
Project("{2150E333-8FDC-42A3-9474-1A3956D46DE8}") = "Web", "Web", "{58C176C3-0F0A-4D2C-BE35-C82837CDD1A0}"
EndProject
Project("{2150E333-8FDC-42A3-9474-1A3956D46DE8}") = "Autenticacao", "Autenticacao", "{E1F59EAF-DECC-45D6-9DFF-B1E1FFB314D3}"
EndProject
Project("{9A19103F-16F7-4668-BE54-9A1E7A4F7556}") = "NS.Autenticacao.API", "src\services\NS.Autenticacao.API\NS.Autenticacao.API.csproj", "{C04BDEDF-C86A-4A79-89BA-4E04487446CE}"
EndProject
Project("{2150E333-8FDC-42A3-9474-1A3956D46DE8}") = "MVC", "MVC", "{B6F013CC-CE33-43CA-A087-F48E111570F3}"
EndProject
Project("{9A19103F-16F7-4668-BE54-9A1E7A4F7556}") = "NS.WebApp.MVC", "src\web\NS.WebApp.MVC\NS.WebApp.MVC.csproj", "{3B0EC5BC-7D84-4067-B9AE-9C45D28E20DF}"
EndProject
Project("{2150E333-8FDC-42A3-9474-1A3956D46DE8}") = "Core", "Core", "{46D58A7D-5241-4BDD-8116-BA4903533917}"
EndProject
Project("{9A19103F-16F7-4668-BE54-9A1E7A4F7556}") = "NS.Core", "src\shared\NS.Core\NS.Core.csproj", "{E047E5AB-1D84-40AA-AF8C-24B50A28BDA7}"
EndProject
Project("{2150E333-8FDC-42A3-9474-1A3956D46DE8}") = "Carrinho", "Carrinho", "{EE903AD6-9E11-4708-BF71-47FC703A1E9F}"
EndProject
Project("{2150E333-8FDC-42A3-9474-1A3956D46DE8}") = "Catalogo", "Catalogo", "{FF558A45-A643-480E-9A4B-AC05A044149B}"
EndProject
Project("{2150E333-8FDC-42A3-9474-1A3956D46DE8}") = "Cliente", "Cliente", "{A026336D-E300-416A-9643-2A0653676676}"
EndProject
Project("{2150E333-8FDC-42A3-9474-1A3956D46DE8}") = "Pagamento", "Pagamento", "{62BE4CAD-E2EC-4B10-AEDA-217FAB8DCEA1}"
EndProject
Project("{2150E333-8FDC-42A3-9474-1A3956D46DE8}") = "Pedido", "Pedido", "{5A613836-2EC5-4D37-9AA3-54F534D2DF1D}"
EndProject
Project("{9A19103F-16F7-4668-BE54-9A1E7A4F7556}") = "NS.Carrinho.API", "src\services\NS.Carrinho.API\NS.Carrinho.API.csproj", "{57D5B4A4-595A-4C68-AAC5-CC767290288D}"
EndProject
Project("{9A19103F-16F7-4668-BE54-9A1E7A4F7556}") = "NS.Catalogo.API", "src\services\NS.Catalogo.API\NS.Catalogo.API.csproj", "{73D7AC8B-F829-44D4-8A13-E96337C5D963}"
EndProject
Project("{9A19103F-16F7-4668-BE54-9A1E7A4F7556}") = "NS.Clientes.API", "src\services\NS.Cliente.API\NS.Clientes.API.csproj", "{D2C49078-595E-40A0-A119-61B0DD97C5AD}"
EndProject
Project("{9A19103F-16F7-4668-BE54-9A1E7A4F7556}") = "NS.Pagamento.API", "src\services\NS.Pagamento.API\NS.Pagamento.API.csproj", "{D28D0157-EEA2-4B2F-A602-8008FE3B16F6}"
EndProject
Project("{9A19103F-16F7-4668-BE54-9A1E7A4F7556}") = "NS.Pedido.API", "src\services\NS.Pedido.API\NS.Pedido.API.csproj", "{139E7C6C-77D6-4E4F-8D45-9B8346BAB30E}"
EndProject
Project("{2150E333-8FDC-42A3-9474-1A3956D46DE8}") = "Services", "Services", "{4B0B486C-6B49-43BE-928C-44BF4F1DECEB}"
EndProject
Project("{9A19103F-16F7-4668-BE54-9A1E7A4F7556}") = "NS.WepApi.Core", "src\shared\NS.WepApi.Core\NS.WepApi.Core.csproj", "{2836A92B-F473-4996-83DA-D862C1A83E2E}"
EndProject
Project("{2150E333-8FDC-42A3-9474-1A3956D46DE8}") = "MessageBus", "MessageBus", "{F4D471A6-C2E9-4DFD-9EA2-6D9E1D8E098A}"
EndProject
Project("{FAE04EC0-301F-11D3-BF4B-00C04F79EFBC}") = "NS.MessageBus", "src\shared\NS.MessageBus\NS.MessageBus.csproj", "{D54DAEB0-EB4D-42B1-9839-837CB2C2E1D1}"
EndProject
Global
	GlobalSection(SolutionConfigurationPlatforms) = preSolution
		Debug|Any CPU = Debug|Any CPU
		Release|Any CPU = Release|Any CPU
	EndGlobalSection
	GlobalSection(ProjectConfigurationPlatforms) = postSolution
		{C04BDEDF-C86A-4A79-89BA-4E04487446CE}.Debug|Any CPU.ActiveCfg = Debug|Any CPU
		{C04BDEDF-C86A-4A79-89BA-4E04487446CE}.Debug|Any CPU.Build.0 = Debug|Any CPU
		{C04BDEDF-C86A-4A79-89BA-4E04487446CE}.Release|Any CPU.ActiveCfg = Release|Any CPU
		{C04BDEDF-C86A-4A79-89BA-4E04487446CE}.Release|Any CPU.Build.0 = Release|Any CPU
		{3B0EC5BC-7D84-4067-B9AE-9C45D28E20DF}.Debug|Any CPU.ActiveCfg = Debug|Any CPU
		{3B0EC5BC-7D84-4067-B9AE-9C45D28E20DF}.Debug|Any CPU.Build.0 = Debug|Any CPU
		{3B0EC5BC-7D84-4067-B9AE-9C45D28E20DF}.Release|Any CPU.ActiveCfg = Release|Any CPU
		{3B0EC5BC-7D84-4067-B9AE-9C45D28E20DF}.Release|Any CPU.Build.0 = Release|Any CPU
		{E047E5AB-1D84-40AA-AF8C-24B50A28BDA7}.Debug|Any CPU.ActiveCfg = Debug|Any CPU
		{E047E5AB-1D84-40AA-AF8C-24B50A28BDA7}.Debug|Any CPU.Build.0 = Debug|Any CPU
		{E047E5AB-1D84-40AA-AF8C-24B50A28BDA7}.Release|Any CPU.ActiveCfg = Release|Any CPU
		{E047E5AB-1D84-40AA-AF8C-24B50A28BDA7}.Release|Any CPU.Build.0 = Release|Any CPU
		{57D5B4A4-595A-4C68-AAC5-CC767290288D}.Debug|Any CPU.ActiveCfg = Debug|Any CPU
		{57D5B4A4-595A-4C68-AAC5-CC767290288D}.Debug|Any CPU.Build.0 = Debug|Any CPU
		{57D5B4A4-595A-4C68-AAC5-CC767290288D}.Release|Any CPU.ActiveCfg = Release|Any CPU
		{57D5B4A4-595A-4C68-AAC5-CC767290288D}.Release|Any CPU.Build.0 = Release|Any CPU
		{73D7AC8B-F829-44D4-8A13-E96337C5D963}.Debug|Any CPU.ActiveCfg = Debug|Any CPU
		{73D7AC8B-F829-44D4-8A13-E96337C5D963}.Debug|Any CPU.Build.0 = Debug|Any CPU
		{73D7AC8B-F829-44D4-8A13-E96337C5D963}.Release|Any CPU.ActiveCfg = Release|Any CPU
		{73D7AC8B-F829-44D4-8A13-E96337C5D963}.Release|Any CPU.Build.0 = Release|Any CPU
		{D2C49078-595E-40A0-A119-61B0DD97C5AD}.Debug|Any CPU.ActiveCfg = Debug|Any CPU
		{D2C49078-595E-40A0-A119-61B0DD97C5AD}.Debug|Any CPU.Build.0 = Debug|Any CPU
		{D2C49078-595E-40A0-A119-61B0DD97C5AD}.Release|Any CPU.ActiveCfg = Release|Any CPU
		{D2C49078-595E-40A0-A119-61B0DD97C5AD}.Release|Any CPU.Build.0 = Release|Any CPU
		{D28D0157-EEA2-4B2F-A602-8008FE3B16F6}.Debug|Any CPU.ActiveCfg = Debug|Any CPU
		{D28D0157-EEA2-4B2F-A602-8008FE3B16F6}.Debug|Any CPU.Build.0 = Debug|Any CPU
		{D28D0157-EEA2-4B2F-A602-8008FE3B16F6}.Release|Any CPU.ActiveCfg = Release|Any CPU
		{D28D0157-EEA2-4B2F-A602-8008FE3B16F6}.Release|Any CPU.Build.0 = Release|Any CPU
		{139E7C6C-77D6-4E4F-8D45-9B8346BAB30E}.Debug|Any CPU.ActiveCfg = Debug|Any CPU
		{139E7C6C-77D6-4E4F-8D45-9B8346BAB30E}.Debug|Any CPU.Build.0 = Debug|Any CPU
		{139E7C6C-77D6-4E4F-8D45-9B8346BAB30E}.Release|Any CPU.ActiveCfg = Release|Any CPU
		{139E7C6C-77D6-4E4F-8D45-9B8346BAB30E}.Release|Any CPU.Build.0 = Release|Any CPU
		{2836A92B-F473-4996-83DA-D862C1A83E2E}.Debug|Any CPU.ActiveCfg = Debug|Any CPU
		{2836A92B-F473-4996-83DA-D862C1A83E2E}.Debug|Any CPU.Build.0 = Debug|Any CPU
		{2836A92B-F473-4996-83DA-D862C1A83E2E}.Release|Any CPU.ActiveCfg = Release|Any CPU
		{2836A92B-F473-4996-83DA-D862C1A83E2E}.Release|Any CPU.Build.0 = Release|Any CPU
		{D54DAEB0-EB4D-42B1-9839-837CB2C2E1D1}.Debug|Any CPU.ActiveCfg = Debug|Any CPU
		{D54DAEB0-EB4D-42B1-9839-837CB2C2E1D1}.Debug|Any CPU.Build.0 = Debug|Any CPU
		{D54DAEB0-EB4D-42B1-9839-837CB2C2E1D1}.Release|Any CPU.ActiveCfg = Release|Any CPU
		{D54DAEB0-EB4D-42B1-9839-837CB2C2E1D1}.Release|Any CPU.Build.0 = Release|Any CPU
	EndGlobalSection
	GlobalSection(SolutionProperties) = preSolution
		HideSolutionNode = FALSE
	EndGlobalSection
	GlobalSection(NestedProjects) = preSolution
		{E346FDBC-9287-4C1C-998C-AC968865CB4F} = {7B005B89-1B76-444D-AA36-C5A6082F23F0}
		{38F2E61A-7BBE-457D-B3C9-47B0397E818F} = {7B005B89-1B76-444D-AA36-C5A6082F23F0}
		{58C176C3-0F0A-4D2C-BE35-C82837CDD1A0} = {7B005B89-1B76-444D-AA36-C5A6082F23F0}
		{E1F59EAF-DECC-45D6-9DFF-B1E1FFB314D3} = {E346FDBC-9287-4C1C-998C-AC968865CB4F}
		{C04BDEDF-C86A-4A79-89BA-4E04487446CE} = {E1F59EAF-DECC-45D6-9DFF-B1E1FFB314D3}
		{B6F013CC-CE33-43CA-A087-F48E111570F3} = {58C176C3-0F0A-4D2C-BE35-C82837CDD1A0}
		{3B0EC5BC-7D84-4067-B9AE-9C45D28E20DF} = {B6F013CC-CE33-43CA-A087-F48E111570F3}
		{46D58A7D-5241-4BDD-8116-BA4903533917} = {38F2E61A-7BBE-457D-B3C9-47B0397E818F}
		{E047E5AB-1D84-40AA-AF8C-24B50A28BDA7} = {46D58A7D-5241-4BDD-8116-BA4903533917}
		{EE903AD6-9E11-4708-BF71-47FC703A1E9F} = {E346FDBC-9287-4C1C-998C-AC968865CB4F}
		{FF558A45-A643-480E-9A4B-AC05A044149B} = {E346FDBC-9287-4C1C-998C-AC968865CB4F}
		{A026336D-E300-416A-9643-2A0653676676} = {E346FDBC-9287-4C1C-998C-AC968865CB4F}
		{62BE4CAD-E2EC-4B10-AEDA-217FAB8DCEA1} = {E346FDBC-9287-4C1C-998C-AC968865CB4F}
		{5A613836-2EC5-4D37-9AA3-54F534D2DF1D} = {E346FDBC-9287-4C1C-998C-AC968865CB4F}
		{57D5B4A4-595A-4C68-AAC5-CC767290288D} = {EE903AD6-9E11-4708-BF71-47FC703A1E9F}
		{73D7AC8B-F829-44D4-8A13-E96337C5D963} = {FF558A45-A643-480E-9A4B-AC05A044149B}
		{D2C49078-595E-40A0-A119-61B0DD97C5AD} = {A026336D-E300-416A-9643-2A0653676676}
		{D28D0157-EEA2-4B2F-A602-8008FE3B16F6} = {62BE4CAD-E2EC-4B10-AEDA-217FAB8DCEA1}
		{139E7C6C-77D6-4E4F-8D45-9B8346BAB30E} = {5A613836-2EC5-4D37-9AA3-54F534D2DF1D}
		{4B0B486C-6B49-43BE-928C-44BF4F1DECEB} = {38F2E61A-7BBE-457D-B3C9-47B0397E818F}
		{2836A92B-F473-4996-83DA-D862C1A83E2E} = {4B0B486C-6B49-43BE-928C-44BF4F1DECEB}
		{F4D471A6-C2E9-4DFD-9EA2-6D9E1D8E098A} = {38F2E61A-7BBE-457D-B3C9-47B0397E818F}
		{D54DAEB0-EB4D-42B1-9839-837CB2C2E1D1} = {F4D471A6-C2E9-4DFD-9EA2-6D9E1D8E098A}
	EndGlobalSection
	GlobalSection(ExtensibilityGlobals) = postSolution
		SolutionGuid = {7E5015E1-74DB-42FA-98C1-87D9C5400260}
	EndGlobalSection
EndGlobal
